{
  "name": "@gautric/node-red-ipinfo",
  "version": "0.10.50",
  "lockfileVersion": 3,
  "requires": true,
  "packages": {
    "": {
      "name": "@gautric/node-red-ipinfo",
      "version": "0.10.50",
      "license": "Apache-2.0",
      "dependencies": {
        "node-ipinfo": "^4.0.1"
      },
      "engines": {
        "node": ">=12.0.0"
      },
      "funding": {
        "type": "individual",
        "url": "https://www.buymeacoffee.com/gautric"
      }
    },
    "../../../../../node-red-contrib-ipinfo/node_modules/lru-cache": {
      "version": "7.18.3",
      "resolved": "https://registry.npmjs.org/lru-cache/-/lru-cache-7.18.3.tgz",
      "integrity": "sha512-jumlc0BIUrS3qJGgIkWZsyfAM7NCWiBcCDhnd+3NNM5KbBmLTgHVfWBcg6W+rLUsIpzpERPsvwUP7CckAQSOoA==",
      "extraneous": true,
      "license": "ISC",
      "engines": {
        "node": ">=12"
      }
    },
    "../../../../../node-red-contrib-ipinfo/node_modules/node-fetch": {
      "version": "2.7.0",
      "resolved": "https://registry.npmjs.org/node-fetch/-/node-fetch-2.7.0.tgz",
      "integrity": "sha512-c4FRfUm/dbcWZ7U+1Wq0AwCyFL+3nt2bEw05wfxSz+DWpWsitgmSgYmy2dQdWyKC1694ELPqMs/YzUSNozLt8A==",
      "extraneous": true,
      "license": "MIT",
      "dependencies": {
        "whatwg-url": "^5.0.0"
      },
      "engines": {
        "node": "4.x || >=6.0.0"
      },
      "peerDependencies": {
        "encoding": "^0.1.0"
      },
      "peerDependenciesMeta": {
        "encoding": {
          "optional": true
        }
      }
    },
    "../../../../../node-red-contrib-ipinfo/node_modules/node-ipinfo": {
      "version": "4.0.1",
      "resolved": "https://registry.npmjs.org/node-ipinfo/-/node-ipinfo-4.0.1.tgz",
      "integrity": "sha512-L6SQkyaERknZPtpOdZCh2pxH4atPnolhZdD3tbQJK9tsQinSHjpe8bIIJ5Vh+LcSBlZNjWPXGKdqb4iWRfGBHA==",
      "extraneous": true,
      "license": "Apache-2.0",
      "dependencies": {
        "lru-cache": "^7.18.3",
        "node-fetch": "^2.7.0",
        "subnet-check": "^1.10.1"
      },
      "engines": {
        "node": ">=14"
      }
    },
    "../../../../../node-red-contrib-ipinfo/node_modules/subnet-check": {
      "version": "1.10.1",
      "resolved": "https://registry.npmjs.org/subnet-check/-/subnet-check-1.10.1.tgz",
      "integrity": "sha512-e8lXZ9ICcG42fFsMDZO5TTZ3uS2436b5hnx3uS4Z3XkAFuDLa5R3Pvt9lYhewKm/vCd48t14v0jFaSmVYOT2Kg==",
      "extraneous": true,
      "license": "MIT",
      "engines": {
        "node": ">=4.0.0"
      }
    },
    "../../../../../node-red-contrib-ipinfo/node_modules/tr46": {
      "version": "0.0.3",
      "resolved": "https://registry.npmjs.org/tr46/-/tr46-0.0.3.tgz",
      "integrity": "sha512-N3WMsuqV66lT30CrXNbEjx4GEwlow3v6rr4mCcv6prnfwhS01rkgyFdjPNBYd9br7LpXV1+Emh01fHnq2Gdgrw==",
      "extraneous": true,
      "license": "MIT"
    },
    "../../../../../node-red-contrib-ipinfo/node_modules/webidl-conversions": {
      "version": "3.0.1",
      "resolved": "https://registry.npmjs.org/webidl-conversions/-/webidl-conversions-3.0.1.tgz",
      "integrity": "sha512-2JAn3z8AR6rjK8Sm8orRC0h/bcl/DqL7tRPdGZ4I1CjdF+EaMLmYxBHyXuKL849eucPFhvBoxMsflfOb8kxaeQ==",
      "extraneous": true,
      "license": "BSD-2-Clause"
    },
    "../../../../../node-red-contrib-ipinfo/node_modules/whatwg-url": {
      "version": "5.0.0",
      "resolved": "https://registry.npmjs.org/whatwg-url/-/whatwg-url-5.0.0.tgz",
      "integrity": "sha512-saE57nupxk6v3HY35+jzBwYa0rKSy0XR8JSxZPwgLr7ys0IBzhGviA1/TUGJLmSVqs8pb9AnvICXEuOHLprYTw==",
      "extraneous": true,
      "license": "MIT",
      "dependencies": {
        "tr46": "~0.0.3",
        "webidl-conversions": "^3.0.0"
      }
    },
    "../../../node-red-contrib-ipinfo/node_modules/lru-cache": {
      "version": "7.18.3",
      "resolved": "https://registry.npmjs.org/lru-cache/-/lru-cache-7.18.3.tgz",
      "integrity": "sha512-jumlc0BIUrS3qJGgIkWZsyfAM7NCWiBcCDhnd+3NNM5KbBmLTgHVfWBcg6W+rLUsIpzpERPsvwUP7CckAQSOoA==",
      "extraneous": true,
      "license": "ISC",
      "engines": {
        "node": ">=12"
      }
    },
    "../../../node-red-contrib-ipinfo/node_modules/node-fetch": {
      "version": "2.7.0",
      "resolved": "https://registry.npmjs.org/node-fetch/-/node-fetch-2.7.0.tgz",
      "integrity": "sha512-c4FRfUm/dbcWZ7U+1Wq0AwCyFL+3nt2bEw05wfxSz+DWpWsitgmSgYmy2dQdWyKC1694ELPqMs/YzUSNozLt8A==",
      "extraneous": true,
      "license": "MIT",
      "dependencies": {
        "whatwg-url": "^5.0.0"
      },
      "engines": {
        "node": "4.x || >=6.0.0"
      },
      "peerDependencies": {
        "encoding": "^0.1.0"
      },
      "peerDependenciesMeta": {
        "encoding": {
          "optional": true
        }
      }
    },
    "../../../node-red-contrib-ipinfo/node_modules/node-ipinfo": {
      "version": "4.0.1",
      "resolved": "https://registry.npmjs.org/node-ipinfo/-/node-ipinfo-4.0.1.tgz",
      "integrity": "sha512-L6SQkyaERknZPtpOdZCh2pxH4atPnolhZdD3tbQJK9tsQinSHjpe8bIIJ5Vh+LcSBlZNjWPXGKdqb4iWRfGBHA==",
      "extraneous": true,
      "license": "Apache-2.0",
      "dependencies": {
        "lru-cache": "^7.18.3",
        "node-fetch": "^2.7.0",
        "subnet-check": "^1.10.1"
      },
      "engines": {
        "node": ">=14"
      }
    },
    "../../../node-red-contrib-ipinfo/node_modules/subnet-check": {
      "version": "1.10.1",
      "resolved": "https://registry.npmjs.org/subnet-check/-/subnet-check-1.10.1.tgz",
      "integrity": "sha512-e8lXZ9ICcG42fFsMDZO5TTZ3uS2436b5hnx3uS4Z3XkAFuDLa5R3Pvt9lYhewKm/vCd48t14v0jFaSmVYOT2Kg==",
      "extraneous": true,
      "license": "MIT",
      "engines": {
        "node": ">=4.0.0"
      }
    },
    "../../../node-red-contrib-ipinfo/node_modules/tr46": {
      "version": "0.0.3",
      "resolved": "https://registry.npmjs.org/tr46/-/tr46-0.0.3.tgz",
      "integrity": "sha512-N3WMsuqV66lT30CrXNbEjx4GEwlow3v6rr4mCcv6prnfwhS01rkgyFdjPNBYd9br7LpXV1+Emh01fHnq2Gdgrw==",
      "extraneous": true,
      "license": "MIT"
    },
    "../../../node-red-contrib-ipinfo/node_modules/webidl-conversions": {
      "version": "3.0.1",
      "resolved": "https://registry.npmjs.org/webidl-conversions/-/webidl-conversions-3.0.1.tgz",
      "integrity": "sha512-2JAn3z8AR6rjK8Sm8orRC0h/bcl/DqL7tRPdGZ4I1CjdF+EaMLmYxBHyXuKL849eucPFhvBoxMsflfOb8kxaeQ==",
      "extraneous": true,
      "license": "BSD-2-Clause"
    },
    "../../../node-red-contrib-ipinfo/node_modules/whatwg-url": {
      "version": "5.0.0",
      "resolved": "https://registry.npmjs.org/whatwg-url/-/whatwg-url-5.0.0.tgz",
      "integrity": "sha512-saE57nupxk6v3HY35+jzBwYa0rKSy0XR8JSxZPwgLr7ys0IBzhGviA1/TUGJLmSVqs8pb9AnvICXEuOHLprYTw==",
      "extraneous": true,
      "license": "MIT",
      "dependencies": {
        "tr46": "~0.0.3",
        "webidl-conversions": "^3.0.0"
      }
    },
    "node_modules/lru-cache": {
      "version": "7.18.3",
      "resolved": "https://registry.npmjs.org/lru-cache/-/lru-cache-7.18.3.tgz",
      "integrity": "sha512-jumlc0BIUrS3qJGgIkWZsyfAM7NCWiBcCDhnd+3NNM5KbBmLTgHVfWBcg6W+rLUsIpzpERPsvwUP7CckAQSOoA==",
      "license": "ISC",
      "engines": {
        "node": ">=12"
      }
    },
    "node_modules/node-fetch": {
      "version": "2.7.0",
      "resolved": "https://registry.npmjs.org/node-fetch/-/node-fetch-2.7.0.tgz",
      "integrity": "sha512-c4FRfUm/dbcWZ7U+1Wq0AwCyFL+3nt2bEw05wfxSz+DWpWsitgmSgYmy2dQdWyKC1694ELPqMs/YzUSNozLt8A==",
      "license": "MIT",
      "dependencies": {
        "whatwg-url": "^5.0.0"
      },
      "engines": {
        "node": "4.x || >=6.0.0"
      },
      "peerDependencies": {
        "encoding": "^0.1.0"
      },
      "peerDependenciesMeta": {
        "encoding": {
          "optional": true
        }
      }
    },
    "node_modules/node-ipinfo": {
      "version": "4.0.1",
      "resolved": "https://registry.npmjs.org/node-ipinfo/-/node-ipinfo-4.0.1.tgz",
      "integrity": "sha512-L6SQkyaERknZPtpOdZCh2pxH4atPnolhZdD3tbQJK9tsQinSHjpe8bIIJ5Vh+LcSBlZNjWPXGKdqb4iWRfGBHA==",
      "license": "Apache-2.0",
      "dependencies": {
        "lru-cache": "^7.18.3",
        "node-fetch": "^2.7.0",
        "subnet-check": "^1.10.1"
      },
      "engines": {
        "node": ">=14"
      }
    },
    "node_modules/subnet-check": {
      "version": "1.10.1",
      "resolved": "https://registry.npmjs.org/subnet-check/-/subnet-check-1.10.1.tgz",
      "integrity": "sha512-e8lXZ9ICcG42fFsMDZO5TTZ3uS2436b5hnx3uS4Z3XkAFuDLa5R3Pvt9lYhewKm/vCd48t14v0jFaSmVYOT2Kg==",
      "license": "MIT",
      "engines": {
        "node": ">=4.0.0"
      }
    },
    "node_modules/tr46": {
      "version": "0.0.3",
      "resolved": "https://registry.npmjs.org/tr46/-/tr46-0.0.3.tgz",
      "integrity": "sha512-N3WMsuqV66lT30CrXNbEjx4GEwlow3v6rr4mCcv6prnfwhS01rkgyFdjPNBYd9br7LpXV1+Emh01fHnq2Gdgrw==",
      "license": "MIT"
    },
    "node_modules/webidl-conversions": {
      "version": "3.0.1",
      "resolved": "https://registry.npmjs.org/webidl-conversions/-/webidl-conversions-3.0.1.tgz",
      "integrity": "sha512-2JAn3z8AR6rjK8Sm8orRC0h/bcl/DqL7tRPdGZ4I1CjdF+EaMLmYxBHyXuKL849eucPFhvBoxMsflfOb8kxaeQ==",
      "license": "BSD-2-Clause"
    },
    "node_modules/whatwg-url": {
      "version": "5.0.0",
      "resolved": "https://registry.npmjs.org/whatwg-url/-/whatwg-url-5.0.0.tgz",
      "integrity": "sha512-saE57nupxk6v3HY35+jzBwYa0rKSy0XR8JSxZPwgLr7ys0IBzhGviA1/TUGJLmSVqs8pb9AnvICXEuOHLprYTw==",
      "license": "MIT",
      "dependencies": {
        "tr46": "~0.0.3",
        "webidl-conversions": "^3.0.0"
      }
    }
  }
}
